
Microsoft Visual Studio Solution File, Format Version 12.00
# Visual Studio Version 17
VisualStudioVersion = 17.11.35303.130
MinimumVisualStudioVersion = 10.0.40219.1
Project("{2150E333-8FDC-42A3-9474-1A3956D46DE8}") = "Task0", "Task0", "{3FD261A2-BDCA-4D6C-A0E7-72448D992F00}"
EndProject
Project("{9A19103F-16F7-4668-BE54-9A1E7A4F7556}") = "Tyuiu.OsadetsAA.Sprint5.Task0.V13", "Tyuiu.OsadetsAA.Sprint5.Task0.V13\Tyuiu.OsadetsAA.Sprint5.Task0.V13.csproj", "{665F67FB-337D-41B5-BD59-159D263DEC1C}"
EndProject
Project("{9A19103F-16F7-4668-BE54-9A1E7A4F7556}") = "Tyuiu.OsadetsAA.Sprint5.Task0.V13.Lib", "Tyuiu.OsadetsAA.Sprint5.Task0.V13.Lib\Tyuiu.OsadetsAA.Sprint5.Task0.V13.Lib.csproj", "{F527A8B9-DC95-4673-A455-9522E3F5420C}"
EndProject
Project("{9A19103F-16F7-4668-BE54-9A1E7A4F7556}") = "Tyuiu.OsadetsAA.Sprint5.Task0.V13.Test", "Tyuiu.OsadetsAA.Sprint5.Task0.V13.Test\Tyuiu.OsadetsAA.Sprint5.Task0.V13.Test.csproj", "{B3AC4010-A5A8-4041-B60F-F778803DE899}"
EndProject
Project("{2150E333-8FDC-42A3-9474-1A3956D46DE8}") = "Task1", "Task1", "{627863B9-E936-496E-BC4C-E988D251B9D6}"
EndProject
Project("{9A19103F-16F7-4668-BE54-9A1E7A4F7556}") = "Tyuiu.OsadetsAA.Sprint5.Task1.V30", "Tyuiu.OsadetsAA.Sprint5.Task1.V30\Tyuiu.OsadetsAA.Sprint5.Task1.V30.csproj", "{5069BF08-099D-4DC1-8D9B-189F86633940}"
EndProject
Project("{9A19103F-16F7-4668-BE54-9A1E7A4F7556}") = "Tyuiu.OsadetsAA.Sprint5.Task1.V30.Lib", "Tyuiu.OsadetsAA.Sprint5.Task1.V30.Lib\Tyuiu.OsadetsAA.Sprint5.Task1.V30.Lib.csproj", "{98E970C1-AA1B-425A-88E0-E717B5CFCE40}"
EndProject
Project("{9A19103F-16F7-4668-BE54-9A1E7A4F7556}") = "Tyuiu.OsadetsAA.Sprint5.Task1.V30.Test", "Tyuiu.OsadetsAA.Sprint5.Task1.V30.Test\Tyuiu.OsadetsAA.Sprint5.Task1.V30.Test.csproj", "{9279C267-0425-4B7F-BE74-86A9799E644F}"
EndProject
Project("{2150E333-8FDC-42A3-9474-1A3956D46DE8}") = "Task2", "Task2", "{9DCAAE4D-26B3-4A44-BEDB-06DE1085FDA8}"
EndProject
Project("{9A19103F-16F7-4668-BE54-9A1E7A4F7556}") = "Tyuiu.OsadetsAA.Sprint5.Task2.V24", "Tyuiu.OsadetsAA.Sprint5.Task2.V24\Tyuiu.OsadetsAA.Sprint5.Task2.V24.csproj", "{F0AE2C98-B89A-4796-8BDC-D8F0EB492473}"
EndProject
Project("{9A19103F-16F7-4668-BE54-9A1E7A4F7556}") = "Tyuiu.OsadetsAA.Sprint5.Task2.V24.Lib", "Tyuiu.OsadetsAA.Sprint5.Task2.V24.Lib\Tyuiu.OsadetsAA.Sprint5.Task2.V24.Lib.csproj", "{E40DC032-251E-4394-81EB-0007ACDA0C95}"
EndProject
Project("{9A19103F-16F7-4668-BE54-9A1E7A4F7556}") = "Tyuiu.OsadetsAA.Sprint5.Task2.V24.Test", "Tyuiu.OsadetsAA.Sprint5.Task2.V24.Test\Tyuiu.OsadetsAA.Sprint5.Task2.V24.Test.csproj", "{7554E29D-383E-4260-BD39-E9B2797B1E7C}"
EndProject
Project("{2150E333-8FDC-42A3-9474-1A3956D46DE8}") = "Task3", "Task3", "{019D3BC7-3764-48C7-9DE7-7A056176E468}"
EndProject
Project("{9A19103F-16F7-4668-BE54-9A1E7A4F7556}") = "Tyuiu.OsadetsAA.Sprint5.Task3.V24", "Tyuiu.OsadetsAA.Sprint5.Task3.V24\Tyuiu.OsadetsAA.Sprint5.Task3.V24.csproj", "{165B6794-9820-4BB0-8B04-BE2C03962B61}"
EndProject
Project("{9A19103F-16F7-4668-BE54-9A1E7A4F7556}") = "Tyuiu.OsadetsAA.Sprint5.Task3.V24.Lib", "Tyuiu.OsadetsAA.Sprint5.Task3.V24.Lib\Tyuiu.OsadetsAA.Sprint5.Task3.V24.Lib.csproj", "{E9582C9B-84FE-4AA5-AC28-F754C5C14F6B}"
EndProject
Project("{9A19103F-16F7-4668-BE54-9A1E7A4F7556}") = "Tyuiu.OsadetsAA.Sprint5.Task3.V24.Test", "Tyuiu.OsadetsAA.Sprint5.Task3.V24.Test\Tyuiu.OsadetsAA.Sprint5.Task3.V24.Test.csproj", "{66324B54-6149-432C-918A-DA364BB4998F}"
EndProject
Project("{2150E333-8FDC-42A3-9474-1A3956D46DE8}") = "Task4", "Task4", "{2D898AAB-8687-4074-B08F-FDABFA895711}"
EndProject
Project("{9A19103F-16F7-4668-BE54-9A1E7A4F7556}") = "Tyuiu.OsadetsAA.Sprint5.Task4.V20", "Tyuiu.OsadetsAA.Sprint5.Task4.V20\Tyuiu.OsadetsAA.Sprint5.Task4.V20.csproj", "{24F025CF-1DEC-42FE-AAC9-11D34EB05AF8}"
EndProject
Project("{9A19103F-16F7-4668-BE54-9A1E7A4F7556}") = "Tyuiu.OsadetsAA.Sprint5.Task4.V20.Lib", "Tyuiu.OsadetsAA.Sprint5.Task4.V20.Lib\Tyuiu.OsadetsAA.Sprint5.Task4.V20.Lib.csproj", "{34019F08-8A7D-479C-8154-72379A5C1FD2}"
EndProject
Project("{9A19103F-16F7-4668-BE54-9A1E7A4F7556}") = "Tyuiu.OsadetsAA.Sprint5.Task4.V20.Test", "Tyuiu.OsadetsAA.Sprint5.Task4.V20.Test\Tyuiu.OsadetsAA.Sprint5.Task4.V20.Test.csproj", "{9168EC26-3B8F-42A0-BD30-A2BE58E4A85C}"
EndProject
Project("{2150E333-8FDC-42A3-9474-1A3956D46DE8}") = "Task5", "Task5", "{DE16452A-FDFE-4E50-B447-D3919BC316DF}"
EndProject
Project("{FAE04EC0-301F-11D3-BF4B-00C04F79EFBC}") = "Tyuiu.OsadetsAA.Sprint5.Task5.V29", "Tyuiu.OsadetsAA.Sprint5.Task5.V29\Tyuiu.OsadetsAA.Sprint5.Task5.V29.csproj", "{F4D7AAE9-B62C-41B0-8160-E5CE8EF4423A}"
EndProject
Project("{FAE04EC0-301F-11D3-BF4B-00C04F79EFBC}") = "Tyuiu.OsadetsAA.Sprint5.Task5.V29.Lib", "Tyuiu.OsadetsAA.Sprint5.Task5.V29.Lib\Tyuiu.OsadetsAA.Sprint5.Task5.V29.Lib.csproj", "{E3AA2380-4BEC-47F1-B0FE-9526AC6D13F7}"
EndProject
Project("{FAE04EC0-301F-11D3-BF4B-00C04F79EFBC}") = "Tyuiu.OsadetsAA.Sprint5.Task5.V29.Test", "Tyuiu.OsadetsAA.Sprint5.Task5.V29.Test\Tyuiu.OsadetsAA.Sprint5.Task5.V29.Test.csproj", "{823FC728-B62C-4BAD-A7AE-A8ABEB546376}"
EndProject
Global
	GlobalSection(SolutionConfigurationPlatforms) = preSolution
		Debug|Any CPU = Debug|Any CPU
		Release|Any CPU = Release|Any CPU
	EndGlobalSection
	GlobalSection(ProjectConfigurationPlatforms) = postSolution
		{665F67FB-337D-41B5-BD59-159D263DEC1C}.Debug|Any CPU.ActiveCfg = Debug|Any CPU
		{665F67FB-337D-41B5-BD59-159D263DEC1C}.Debug|Any CPU.Build.0 = Debug|Any CPU
		{665F67FB-337D-41B5-BD59-159D263DEC1C}.Release|Any CPU.ActiveCfg = Release|Any CPU
		{665F67FB-337D-41B5-BD59-159D263DEC1C}.Release|Any CPU.Build.0 = Release|Any CPU
		{F527A8B9-DC95-4673-A455-9522E3F5420C}.Debug|Any CPU.ActiveCfg = Debug|Any CPU
		{F527A8B9-DC95-4673-A455-9522E3F5420C}.Debug|Any CPU.Build.0 = Debug|Any CPU
		{F527A8B9-DC95-4673-A455-9522E3F5420C}.Release|Any CPU.ActiveCfg = Release|Any CPU
		{F527A8B9-DC95-4673-A455-9522E3F5420C}.Release|Any CPU.Build.0 = Release|Any CPU
		{B3AC4010-A5A8-4041-B60F-F778803DE899}.Debug|Any CPU.ActiveCfg = Debug|Any CPU
		{B3AC4010-A5A8-4041-B60F-F778803DE899}.Debug|Any CPU.Build.0 = Debug|Any CPU
		{B3AC4010-A5A8-4041-B60F-F778803DE899}.Release|Any CPU.ActiveCfg = Release|Any CPU
		{B3AC4010-A5A8-4041-B60F-F778803DE899}.Release|Any CPU.Build.0 = Release|Any CPU
		{5069BF08-099D-4DC1-8D9B-189F86633940}.Debug|Any CPU.ActiveCfg = Debug|Any CPU
		{5069BF08-099D-4DC1-8D9B-189F86633940}.Debug|Any CPU.Build.0 = Debug|Any CPU
		{5069BF08-099D-4DC1-8D9B-189F86633940}.Release|Any CPU.ActiveCfg = Release|Any CPU
		{5069BF08-099D-4DC1-8D9B-189F86633940}.Release|Any CPU.Build.0 = Release|Any CPU
		{98E970C1-AA1B-425A-88E0-E717B5CFCE40}.Debug|Any CPU.ActiveCfg = Debug|Any CPU
		{98E970C1-AA1B-425A-88E0-E717B5CFCE40}.Debug|Any CPU.Build.0 = Debug|Any CPU
		{98E970C1-AA1B-425A-88E0-E717B5CFCE40}.Release|Any CPU.ActiveCfg = Release|Any CPU
		{98E970C1-AA1B-425A-88E0-E717B5CFCE40}.Release|Any CPU.Build.0 = Release|Any CPU
		{9279C267-0425-4B7F-BE74-86A9799E644F}.Debug|Any CPU.ActiveCfg = Debug|Any CPU
		{9279C267-0425-4B7F-BE74-86A9799E644F}.Debug|Any CPU.Build.0 = Debug|Any CPU
		{9279C267-0425-4B7F-BE74-86A9799E644F}.Release|Any CPU.ActiveCfg = Release|Any CPU
		{9279C267-0425-4B7F-BE74-86A9799E644F}.Release|Any CPU.Build.0 = Release|Any CPU
		{F0AE2C98-B89A-4796-8BDC-D8F0EB492473}.Debug|Any CPU.ActiveCfg = Debug|Any CPU
		{F0AE2C98-B89A-4796-8BDC-D8F0EB492473}.Debug|Any CPU.Build.0 = Debug|Any CPU
		{F0AE2C98-B89A-4796-8BDC-D8F0EB492473}.Release|Any CPU.ActiveCfg = Release|Any CPU
		{F0AE2C98-B89A-4796-8BDC-D8F0EB492473}.Release|Any CPU.Build.0 = Release|Any CPU
		{E40DC032-251E-4394-81EB-0007ACDA0C95}.Debug|Any CPU.ActiveCfg = Debug|Any CPU
		{E40DC032-251E-4394-81EB-0007ACDA0C95}.Debug|Any CPU.Build.0 = Debug|Any CPU
		{E40DC032-251E-4394-81EB-0007ACDA0C95}.Release|Any CPU.ActiveCfg = Release|Any CPU
		{E40DC032-251E-4394-81EB-0007ACDA0C95}.Release|Any CPU.Build.0 = Release|Any CPU
		{7554E29D-383E-4260-BD39-E9B2797B1E7C}.Debug|Any CPU.ActiveCfg = Debug|Any CPU
		{7554E29D-383E-4260-BD39-E9B2797B1E7C}.Debug|Any CPU.Build.0 = Debug|Any CPU
		{7554E29D-383E-4260-BD39-E9B2797B1E7C}.Release|Any CPU.ActiveCfg = Release|Any CPU
		{7554E29D-383E-4260-BD39-E9B2797B1E7C}.Release|Any CPU.Build.0 = Release|Any CPU
		{165B6794-9820-4BB0-8B04-BE2C03962B61}.Debug|Any CPU.ActiveCfg = Debug|Any CPU
		{165B6794-9820-4BB0-8B04-BE2C03962B61}.Debug|Any CPU.Build.0 = Debug|Any CPU
		{165B6794-9820-4BB0-8B04-BE2C03962B61}.Release|Any CPU.ActiveCfg = Release|Any CPU
		{165B6794-9820-4BB0-8B04-BE2C03962B61}.Release|Any CPU.Build.0 = Release|Any CPU
		{E9582C9B-84FE-4AA5-AC28-F754C5C14F6B}.Debug|Any CPU.ActiveCfg = Debug|Any CPU
		{E9582C9B-84FE-4AA5-AC28-F754C5C14F6B}.Debug|Any CPU.Build.0 = Debug|Any CPU
		{E9582C9B-84FE-4AA5-AC28-F754C5C14F6B}.Release|Any CPU.ActiveCfg = Release|Any CPU
		{E9582C9B-84FE-4AA5-AC28-F754C5C14F6B}.Release|Any CPU.Build.0 = Release|Any CPU
		{66324B54-6149-432C-918A-DA364BB4998F}.Debug|Any CPU.ActiveCfg = Debug|Any CPU
		{66324B54-6149-432C-918A-DA364BB4998F}.Debug|Any CPU.Build.0 = Debug|Any CPU
		{66324B54-6149-432C-918A-DA364BB4998F}.Release|Any CPU.ActiveCfg = Release|Any CPU
		{66324B54-6149-432C-918A-DA364BB4998F}.Release|Any CPU.Build.0 = Release|Any CPU
		{24F025CF-1DEC-42FE-AAC9-11D34EB05AF8}.Debug|Any CPU.ActiveCfg = Debug|Any CPU
		{24F025CF-1DEC-42FE-AAC9-11D34EB05AF8}.Debug|Any CPU.Build.0 = Debug|Any CPU
		{24F025CF-1DEC-42FE-AAC9-11D34EB05AF8}.Release|Any CPU.ActiveCfg = Release|Any CPU
		{24F025CF-1DEC-42FE-AAC9-11D34EB05AF8}.Release|Any CPU.Build.0 = Release|Any CPU
		{34019F08-8A7D-479C-8154-72379A5C1FD2}.Debug|Any CPU.ActiveCfg = Debug|Any CPU
		{34019F08-8A7D-479C-8154-72379A5C1FD2}.Debug|Any CPU.Build.0 = Debug|Any CPU
		{34019F08-8A7D-479C-8154-72379A5C1FD2}.Release|Any CPU.ActiveCfg = Release|Any CPU
		{34019F08-8A7D-479C-8154-72379A5C1FD2}.Release|Any CPU.Build.0 = Release|Any CPU
		{9168EC26-3B8F-42A0-BD30-A2BE58E4A85C}.Debug|Any CPU.ActiveCfg = Debug|Any CPU
		{9168EC26-3B8F-42A0-BD30-A2BE58E4A85C}.Debug|Any CPU.Build.0 = Debug|Any CPU
		{9168EC26-3B8F-42A0-BD30-A2BE58E4A85C}.Release|Any CPU.ActiveCfg = Release|Any CPU
		{9168EC26-3B8F-42A0-BD30-A2BE58E4A85C}.Release|Any CPU.Build.0 = Release|Any CPU
		{F4D7AAE9-B62C-41B0-8160-E5CE8EF4423A}.Debug|Any CPU.ActiveCfg = Debug|Any CPU
		{F4D7AAE9-B62C-41B0-8160-E5CE8EF4423A}.Debug|Any CPU.Build.0 = Debug|Any CPU
		{F4D7AAE9-B62C-41B0-8160-E5CE8EF4423A}.Release|Any CPU.ActiveCfg = Release|Any CPU
		{F4D7AAE9-B62C-41B0-8160-E5CE8EF4423A}.Release|Any CPU.Build.0 = Release|Any CPU
		{E3AA2380-4BEC-47F1-B0FE-9526AC6D13F7}.Debug|Any CPU.ActiveCfg = Debug|Any CPU
		{E3AA2380-4BEC-47F1-B0FE-9526AC6D13F7}.Debug|Any CPU.Build.0 = Debug|Any CPU
		{E3AA2380-4BEC-47F1-B0FE-9526AC6D13F7}.Release|Any CPU.ActiveCfg = Release|Any CPU
		{E3AA2380-4BEC-47F1-B0FE-9526AC6D13F7}.Release|Any CPU.Build.0 = Release|Any CPU
		{823FC728-B62C-4BAD-A7AE-A8ABEB546376}.Debug|Any CPU.ActiveCfg = Debug|Any CPU
		{823FC728-B62C-4BAD-A7AE-A8ABEB546376}.Debug|Any CPU.Build.0 = Debug|Any CPU
		{823FC728-B62C-4BAD-A7AE-A8ABEB546376}.Release|Any CPU.ActiveCfg = Release|Any CPU
		{823FC728-B62C-4BAD-A7AE-A8ABEB546376}.Release|Any CPU.Build.0 = Release|Any CPU
	EndGlobalSection
	GlobalSection(SolutionProperties) = preSolution
		HideSolutionNode = FALSE
	EndGlobalSection
	GlobalSection(NestedProjects) = preSolution
		{665F67FB-337D-41B5-BD59-159D263DEC1C} = {3FD261A2-BDCA-4D6C-A0E7-72448D992F00}
		{F527A8B9-DC95-4673-A455-9522E3F5420C} = {3FD261A2-BDCA-4D6C-A0E7-72448D992F00}
		{B3AC4010-A5A8-4041-B60F-F778803DE899} = {3FD261A2-BDCA-4D6C-A0E7-72448D992F00}
		{5069BF08-099D-4DC1-8D9B-189F86633940} = {627863B9-E936-496E-BC4C-E988D251B9D6}
		{98E970C1-AA1B-425A-88E0-E717B5CFCE40} = {627863B9-E936-496E-BC4C-E988D251B9D6}
		{9279C267-0425-4B7F-BE74-86A9799E644F} = {627863B9-E936-496E-BC4C-E988D251B9D6}
		{F0AE2C98-B89A-4796-8BDC-D8F0EB492473} = {9DCAAE4D-26B3-4A44-BEDB-06DE1085FDA8}
		{E40DC032-251E-4394-81EB-0007ACDA0C95} = {9DCAAE4D-26B3-4A44-BEDB-06DE1085FDA8}
		{7554E29D-383E-4260-BD39-E9B2797B1E7C} = {9DCAAE4D-26B3-4A44-BEDB-06DE1085FDA8}
		{165B6794-9820-4BB0-8B04-BE2C03962B61} = {019D3BC7-3764-48C7-9DE7-7A056176E468}
		{E9582C9B-84FE-4AA5-AC28-F754C5C14F6B} = {019D3BC7-3764-48C7-9DE7-7A056176E468}
		{66324B54-6149-432C-918A-DA364BB4998F} = {019D3BC7-3764-48C7-9DE7-7A056176E468}
		{24F025CF-1DEC-42FE-AAC9-11D34EB05AF8} = {2D898AAB-8687-4074-B08F-FDABFA895711}
		{34019F08-8A7D-479C-8154-72379A5C1FD2} = {2D898AAB-8687-4074-B08F-FDABFA895711}
		{9168EC26-3B8F-42A0-BD30-A2BE58E4A85C} = {2D898AAB-8687-4074-B08F-FDABFA895711}
		{F4D7AAE9-B62C-41B0-8160-E5CE8EF4423A} = {DE16452A-FDFE-4E50-B447-D3919BC316DF}
		{E3AA2380-4BEC-47F1-B0FE-9526AC6D13F7} = {DE16452A-FDFE-4E50-B447-D3919BC316DF}
		{823FC728-B62C-4BAD-A7AE-A8ABEB546376} = {DE16452A-FDFE-4E50-B447-D3919BC316DF}
	EndGlobalSection
	GlobalSection(ExtensibilityGlobals) = postSolution
		SolutionGuid = {B7D48A58-15AC-4940-8D2C-5D4C13DD69EC}
	EndGlobalSection
EndGlobal
